{
    "_readme": [
        "This file locks the dependencies of your project to a known state",
        "Read more about it at https://getcomposer.org/doc/01-basic-usage.md#composer-lock-the-lock-file",
        "This file is @generated automatically"
    ],
    "content-hash": "4e0f83c65e581a96f7c5344f43c12426",
    "packages": [
        {
            "name": "kisphp/database",
            "version": "2.0.5",
            "source": {
                "type": "git",
                "url": "https://bitbucket.org/kisphp/kisphp-database.git",
                "reference": "17d96e5548645e03d98f41bab2bedbdb954b0d5d"
            },
            "dist": {
                "type": "zip",
                "url": "https://bitbucket.org/kisphp/kisphp-database/get/17d96e5548645e03d98f41bab2bedbdb954b0d5d.zip",
                "reference": "17d96e5548645e03d98f41bab2bedbdb954b0d5d",
                "shasum": ""
            },
            "require": {
                "php": ">=5.5"
            },
            "require-dev": {
                "friendsofphp/php-cs-fixer": "~1.9",
                "phpunit/phpunit": "~4.8",
                "symfony/var-dumper": "~3.0"
            },
            "type": "library",
            "autoload": {
                "psr-0": {
                    "Kisphp": "src/"
                }
            },
            "notification-url": "https://packagist.org/downloads/",
            "license": [
                "MIT"
            ],
            "authors": [
                {
                    "name": "Marius",
                    "email": "mariusbogdan83@gmail.com",
                    "homepage": "http://www.kisphp.com"
                }
            ],
            "description": "Kisphp Database connect",
            "time": "2016-11-09T08:12:35+00:00"
        },
        {
            "name": "twbs/bootstrap",
            "version": "v3.3.7",
            "source": {
                "type": "git",
                "url": "https://github.com/twbs/bootstrap.git",
                "reference": "0b9c4a4007c44201dce9a6cc1a38407005c26c86"
            },
            "dist": {
                "type": "zip",
                "url": "https://api.github.com/repos/twbs/bootstrap/zipball/0b9c4a4007c44201dce9a6cc1a38407005c26c86",
                "reference": "0b9c4a4007c44201dce9a6cc1a38407005c26c86",
                "shasum": ""
            },
            "replace": {
                "twitter/bootstrap": "self.version"
            },
            "type": "library",
            "extra": {
                "branch-alias": {
                    "dev-master": "3.3.x-dev"
                }
            },
            "notification-url": "https://packagist.org/downloads/",
            "license": [
                "MIT"
            ],
            "authors": [
                {
                    "name": "Jacob Thornton",
                    "email": "jacobthornton@gmail.com"
                },
                {
                    "name": "Mark Otto",
                    "email": "markdotto@gmail.com"
                }
            ],
            "description": "The most popular front-end framework for developing responsive, mobile first projects on the web.",
            "homepage": "http://getbootstrap.com",
            "keywords": [
                "JS",
                "css",
                "framework",
                "front-end",
                "less",
                "mobile-first",
                "responsive",
                "web"
            ],
            "time": "2016-07-25T15:51:55+00:00"
        }
    ],
    "packages-dev": [],
    "aliases": [],
    "minimum-stability": "stable",
    "stability-flags": [],
    "prefer-stable": false,
    "prefer-lowest": false,
    "platform": [],
    "platform-dev": []
}
